# THIS IS AN AUTOGENERATED FILE. DO NOT EDIT THIS FILE DIRECTLY.
# yarn lockfile v1


cz-bespoke@^0.1.2:
  version "0.1.2"
  resolved "https://registry.yarnpkg.com/cz-bespoke/-/cz-bespoke-0.1.2.tgz#28ca27e66dcc4bb19897ac236e0e737ec099c188"
  dependencies:
    deep-defaults "^1.0.4"
    longest "^2.0.0"
    right-pad "^1.0.1"
    word-wrap "^1.2.2"

deep-defaults@^1.0.4:
  version "1.0.4"
  resolved "https://registry.yarnpkg.com/deep-defaults/-/deep-defaults-1.0.4.tgz#1a9762e2b6c8d6a4e9931b8ee7ff8cdcee1d1750"
  dependencies:
    lodash "3.0.x"

lodash@3.0.x:
  version "3.0.1"
  resolved "https://registry.yarnpkg.com/lodash/-/lodash-3.0.1.tgz#14d49028a38bc740241d11e2ecd57ec06d73c19a"

longest@^2.0.0:
  version "2.0.1"
  resolved "https://registry.yarnpkg.com/longest/-/longest-2.0.1.tgz#781e183296aa94f6d4d916dc335d0d17aefa23f8"

right-pad@^1.0.1:
  version "1.0.1"
  resolved "https://registry.yarnpkg.com/right-pad/-/right-pad-1.0.1.tgz#8ca08c2cbb5b55e74dafa96bf7fd1a27d568c8d0"

word-wrap@^1.2.2:
  version "1.2.2"
  resolved "https://registry.yarnpkg.com/word-wrap/-/word-wrap-1.2.2.tgz#8fa78c3bda3e3138c7797fabceae709968814b41"
